PODS:
  - Flutter (1.0.0)
  - printing (1.0.0):
    - Flutter

DEPENDENCIES:
  - Flutter (from `Flutter`)
  - printing (from `.symlinks/plugins/printing/ios`)

EXTERNAL SOURCES:
  Flutter:
    :path: Flutter
  printing:
    :path: ".symlinks/plugins/printing/ios"

SPEC CHECKSUMS:
  Flutter: e0871f40cf51350855a761d2e70bf5af5b9b5de7
  printing: 233e1b73bd1f4a05615548e9b5a324c98588640b

PODFILE CHECKSUM: 819463e6a0290f5a72f145ba7cde16e8b6ef0796

COCOAPODS: 1.15.2
